
Microsoft Visual Studio Solution File, Format Version 12.00
# Visual Studio Version 17
VisualStudioVersion = 17.7.34024.191
MinimumVisualStudioVersion = 10.0.40219.1
Project("{2150E333-8FDC-42A3-9474-1A3956D46DE8}") = "Services", "Services", "{F6E07B3C-3F83-4156-994E-C35BF746A90C}"
EndProject
Project("{2150E333-8FDC-42A3-9474-1A3956D46DE8}") = "Catalog", "Catalog", "{CCBD00C9-5DB2-4B04-9024-D08811E461BB}"
EndProject
Project("{9A19103F-16F7-4668-BE54-9A1E7A4F7556}") = "Catalog.Api", "Services\Catalog\Catalog.Api\Catalog.Api.csproj", "{9B63633B-9B90-4058-8B21-218962DA9572}"
EndProject
Project("{E53339B2-1760-4266-BCC7-CA923CBCF16C}") = "docker-compose", "docker-compose.dcproj", "{012E888C-DF78-4829-B271-524459DD0C47}"
EndProject
Global
	GlobalSection(SolutionConfigurationPlatforms) = preSolution
		Debug|Any CPU = Debug|Any CPU
		Release|Any CPU = Release|Any CPU
	EndGlobalSection
	GlobalSection(ProjectConfigurationPlatforms) = postSolution
		{9B63633B-9B90-4058-8B21-218962DA9572}.Debug|Any CPU.ActiveCfg = Debug|Any CPU
		{9B63633B-9B90-4058-8B21-218962DA9572}.Debug|Any CPU.Build.0 = Debug|Any CPU
		{9B63633B-9B90-4058-8B21-218962DA9572}.Release|Any CPU.ActiveCfg = Release|Any CPU
		{9B63633B-9B90-4058-8B21-218962DA9572}.Release|Any CPU.Build.0 = Release|Any CPU
		{012E888C-DF78-4829-B271-524459DD0C47}.Debug|Any CPU.ActiveCfg = Debug|Any CPU
		{012E888C-DF78-4829-B271-524459DD0C47}.Debug|Any CPU.Build.0 = Debug|Any CPU
		{012E888C-DF78-4829-B271-524459DD0C47}.Release|Any CPU.ActiveCfg = Release|Any CPU
		{012E888C-DF78-4829-B271-524459DD0C47}.Release|Any CPU.Build.0 = Release|Any CPU
	EndGlobalSection
	GlobalSection(SolutionProperties) = preSolution
		HideSolutionNode = FALSE
	EndGlobalSection
	GlobalSection(NestedProjects) = preSolution
		{CCBD00C9-5DB2-4B04-9024-D08811E461BB} = {F6E07B3C-3F83-4156-994E-C35BF746A90C}
		{9B63633B-9B90-4058-8B21-218962DA9572} = {CCBD00C9-5DB2-4B04-9024-D08811E461BB}
	EndGlobalSection
	GlobalSection(ExtensibilityGlobals) = postSolution
		SolutionGuid = {5B1DD9DA-41E6-4E12-965C-3A4D6E1971E8}
	EndGlobalSection
EndGlobal
